
Microsoft Visual Studio Solution File, Format Version 12.00
# Visual Studio Version 16
VisualStudioVersion = 16.0.29230.47
MinimumVisualStudioVersion = 10.0.40219.1
Project("{FAE04EC0-301F-11D3-BF4B-00C04F79EFBC}") = "backend", "backend\backend.csproj", "{360D87DC-576D-49BF-9DB2-7D5FD86F8E2C}"
EndProject
Global
	GlobalSection(SolutionConfigurationPlatforms) = preSolution
		Debug|Any CPU = Debug|Any CPU
		Release|Any CPU = Release|Any CPU
	EndGlobalSection
	GlobalSection(ProjectConfigurationPlatforms) = postSolution
		{360D87DC-576D-49BF-9DB2-7D5FD86F8E2C}.Debug|Any CPU.ActiveCfg = Debug|Any CPU
		{360D87DC-576D-49BF-9DB2-7D5FD86F8E2C}.Debug|Any CPU.Build.0 = Debug|Any CPU
		{360D87DC-576D-49BF-9DB2-7D5FD86F8E2C}.Release|Any CPU.ActiveCfg = Release|Any CPU
		{360D87DC-576D-49BF-9DB2-7D5FD86F8E2C}.Release|Any CPU.Build.0 = Release|Any CPU
	EndGlobalSection
	GlobalSection(SolutionProperties) = preSolution
		HideSolutionNode = FALSE
	EndGlobalSection
	GlobalSection(ExtensibilityGlobals) = postSolution
		SolutionGuid = {59EEA375-E0BB-4F44-B8FE-ED7EF83B53D0}
	EndGlobalSection
EndGlobal
